
Microsoft Visual Studio Solution File, Format Version 12.00
# Visual Studio Version 16
VisualStudioVersion = 16.0.29306.81
MinimumVisualStudioVersion = 10.0.40219.1
Project("{8BC9CEB8-8B4A-11D0-8D11-00A0C91BC942}") = "4.15", "4.15\4.15.vcxproj", "{B126AFDA-D52F-44E1-9BF9-FE261A97D319}"
EndProject
Global
	GlobalSection(SolutionConfigurationPlatforms) = preSolution
		Debug|x64 = Debug|x64
		Debug|x86 = Debug|x86
		Release|x64 = Release|x64
		Release|x86 = Release|x86
	EndGlobalSection
	GlobalSection(ProjectConfigurationPlatforms) = postSolution
		{B126AFDA-D52F-44E1-9BF9-FE261A97D319}.Debug|x64.ActiveCfg = Debug|x64
		{B126AFDA-D52F-44E1-9BF9-FE261A97D319}.Debug|x64.Build.0 = Debug|x64
		{B126AFDA-D52F-44E1-9BF9-FE261A97D319}.Debug|x86.ActiveCfg = Debug|Win32
		{B126AFDA-D52F-44E1-9BF9-FE261A97D319}.Debug|x86.Build.0 = Debug|Win32
		{B126AFDA-D52F-44E1-9BF9-FE261A97D319}.Release|x64.ActiveCfg = Release|x64
		{B126AFDA-D52F-44E1-9BF9-FE261A97D319}.Release|x64.Build.0 = Release|x64
		{B126AFDA-D52F-44E1-9BF9-FE261A97D319}.Release|x86.ActiveCfg = Release|Win32
		{B126AFDA-D52F-44E1-9BF9-FE261A97D319}.Release|x86.Build.0 = Release|Win32
	EndGlobalSection
	GlobalSection(SolutionProperties) = preSolution
		HideSolutionNode = FALSE
	EndGlobalSection
	GlobalSection(ExtensibilityGlobals) = postSolution
		SolutionGuid = {7CDBAA06-19EE-4803-A9FB-FD2D72286C18}
	EndGlobalSection
EndGlobal
